// !$*UTF8*$!
{
	archiveVersion = 1;
	classes = {
	};
	objectVersion = 48;
	objects = {

/* Begin PBXBuildFile section */
		61DF438A6AF316CD67CC7ABB /* Pods_SwipeNavigationView.framework in Frameworks */ = {isa = PBXBuildFile; fileRef = 31F3E3FA70294017ECBB3A27 /* Pods_SwipeNavigationView.framework */; };
		C20E75A92014EEFE0006B861 /* PageController.swift in Sources */ = {isa = PBXBuildFile; fileRef = C20E75A82014EEFE0006B861 /* PageController.swift */; };
		D82BCB98201E7F8200EFFDBB /* CrossConTransitioner.swift in Sources */ = {isa = PBXBuildFile; fileRef = D82BCB97201E7F8200EFFDBB /* CrossConTransitioner.swift */; };
		D82BCB9A201E82A200EFFDBB /* CrossConControllersView.swift in Sources */ = {isa = PBXBuildFile; fileRef = D82BCB99201E82A200EFFDBB /* CrossConControllersView.swift */; };
		D83C284320212514009C84C6 /* CrossConControllersSectionCell.swift in Sources */ = {isa = PBXBuildFile; fileRef = D83C284220212514009C84C6 /* CrossConControllersSectionCell.swift */; };
		D83C28472021320C009C84C6 /* ControllerScrollView.swift in Sources */ = {isa = PBXBuildFile; fileRef = D83C28462021320C009C84C6 /* ControllerScrollView.swift */; };
		D83C68612014ADE300960F22 /* AppDelegate.swift in Sources */ = {isa = PBXBuildFile; fileRef = D83C68602014ADE300960F22 /* AppDelegate.swift */; };
		D83C68662014ADE300960F22 /* Main.storyboard in Resources */ = {isa = PBXBuildFile; fileRef = D83C68642014ADE300960F22 /* Main.storyboard */; };
		D83C68682014ADE300960F22 /* Assets.xcassets in Resources */ = {isa = PBXBuildFile; fileRef = D83C68672014ADE300960F22 /* Assets.xcassets */; };
		D83C686B2014ADE300960F22 /* LaunchScreen.storyboard in Resources */ = {isa = PBXBuildFile; fileRef = D83C68692014ADE300960F22 /* LaunchScreen.storyboard */; };
		D83C68782014AE1400960F22 /* HeaderLabel.swift in Sources */ = {isa = PBXBuildFile; fileRef = D83C68732014AE1400960F22 /* HeaderLabel.swift */; };
		D83C68792014AE1400960F22 /* CrossConHeaderView.swift in Sources */ = {isa = PBXBuildFile; fileRef = D83C68742014AE1400960F22 /* CrossConHeaderView.swift */; };
		D83C687B2014AE1400960F22 /* CrossConHeaderSectionCell.swift in Sources */ = {isa = PBXBuildFile; fileRef = D83C68762014AE1400960F22 /* CrossConHeaderSectionCell.swift */; };
		D83C687C2014AE1400960F22 /* SectionScrollView.swift in Sources */ = {isa = PBXBuildFile; fileRef = D83C68772014AE1400960F22 /* SectionScrollView.swift */; };
		D83C687E2014AE1F00960F22 /* CrossConContianerViewController.swift in Sources */ = {isa = PBXBuildFile; fileRef = D83C687D2014AE1E00960F22 /* CrossConContianerViewController.swift */; };
		D83C68802014BB2500960F22 /* CrossConDelegates.swift in Sources */ = {isa = PBXBuildFile; fileRef = D83C687F2014BB2500960F22 /* CrossConDelegates.swift */; };
/* End PBXBuildFile section */

/* Begin PBXFileReference section */
		24210664D3AAD8324CE3F598 /* Pods-SwipeNavigationView.release.xcconfig */ = {isa = PBXFileReference; includeInIndex = 1; lastKnownFileType = text.xcconfig; name = "Pods-SwipeNavigationView.release.xcconfig"; path = "Pods/Target Support Files/Pods-SwipeNavigationView/Pods-SwipeNavigationView.release.xcconfig"; sourceTree = "<group>"; };
		31F3E3FA70294017ECBB3A27 /* Pods_SwipeNavigationView.framework */ = {isa = PBXFileReference; explicitFileType = wrapper.framework; includeInIndex = 0; path = Pods_SwipeNavigationView.framework; sourceTree = BUILT_PRODUCTS_DIR; };
		C20E75A82014EEFE0006B861 /* PageController.swift */ = {isa = PBXFileReference; lastKnownFileType = sourcecode.swift; path = PageController.swift; sourceTree = "<group>"; };
		D82BCB97201E7F8200EFFDBB /* CrossConTransitioner.swift */ = {isa = PBXFileReference; lastKnownFileType = sourcecode.swift; path = CrossConTransitioner.swift; sourceTree = "<group>"; };
		D82BCB99201E82A200EFFDBB /* CrossConControllersView.swift */ = {isa = PBXFileReference; lastKnownFileType = sourcecode.swift; path = CrossConControllersView.swift; sourceTree = "<group>"; };
		D83C284220212514009C84C6 /* CrossConControllersSectionCell.swift */ = {isa = PBXFileReference; lastKnownFileType = sourcecode.swift; path = CrossConControllersSectionCell.swift; sourceTree = "<group>"; };
		D83C28462021320C009C84C6 /* ControllerScrollView.swift */ = {isa = PBXFileReference; lastKnownFileType = sourcecode.swift; path = ControllerScrollView.swift; sourceTree = "<group>"; };
		D83C685D2014ADE300960F22 /* SwipeNavigationView.app */ = {isa = PBXFileReference; explicitFileType = wrapper.application; includeInIndex = 0; path = SwipeNavigationView.app; sourceTree = BUILT_PRODUCTS_DIR; };
		D83C68602014ADE300960F22 /* AppDelegate.swift */ = {isa = PBXFileReference; lastKnownFileType = sourcecode.swift; path = AppDelegate.swift; sourceTree = "<group>"; };
		D83C68652014ADE300960F22 /* Base */ = {isa = PBXFileReference; lastKnownFileType = file.storyboard; name = Base; path = Base.lproj/Main.storyboard; sourceTree = "<group>"; };
		D83C68672014ADE300960F22 /* Assets.xcassets */ = {isa = PBXFileReference; lastKnownFileType = folder.assetcatalog; path = Assets.xcassets; sourceTree = "<group>"; };
		D83C686A2014ADE300960F22 /* Base */ = {isa = PBXFileReference; lastKnownFileType = file.storyboard; name = Base; path = Base.lproj/LaunchScreen.storyboard; sourceTree = "<group>"; };
		D83C686C2014ADE300960F22 /* Info.plist */ = {isa = PBXFileReference; lastKnownFileType = text.plist.xml; path = Info.plist; sourceTree = "<group>"; };
		D83C68732014AE1400960F22 /* HeaderLabel.swift */ = {isa = PBXFileReference; fileEncoding = 4; lastKnownFileType = sourcecode.swift; path = HeaderLabel.swift; sourceTree = "<group>"; };
		D83C68742014AE1400960F22 /* CrossConHeaderView.swift */ = {isa = PBXFileReference; fileEncoding = 4; lastKnownFileType = sourcecode.swift; path = CrossConHeaderView.swift; sourceTree = "<group>"; };
		D83C68762014AE1400960F22 /* CrossConHeaderSectionCell.swift */ = {isa = PBXFileReference; fileEncoding = 4; lastKnownFileType = sourcecode.swift; path = CrossConHeaderSectionCell.swift; sourceTree = "<group>"; };
		D83C68772014AE1400960F22 /* SectionScrollView.swift */ = {isa = PBXFileReference; fileEncoding = 4; lastKnownFileType = sourcecode.swift; path = SectionScrollView.swift; sourceTree = "<group>"; };
		D83C687D2014AE1E00960F22 /* CrossConContianerViewController.swift */ = {isa = PBXFileReference; fileEncoding = 4; lastKnownFileType = sourcecode.swift; path = CrossConContianerViewController.swift; sourceTree = "<group>"; };
		D83C687F2014BB2500960F22 /* CrossConDelegates.swift */ = {isa = PBXFileReference; lastKnownFileType = sourcecode.swift; path = CrossConDelegates.swift; sourceTree = "<group>"; };
		FF143FDE5D0C064FAE5C2E03 /* Pods-SwipeNavigationView.debug.xcconfig */ = {isa = PBXFileReference; includeInIndex = 1; lastKnownFileType = text.xcconfig; name = "Pods-SwipeNavigationView.debug.xcconfig"; path = "Pods/Target Support Files/Pods-SwipeNavigationView/Pods-SwipeNavigationView.debug.xcconfig"; sourceTree = "<group>"; };
/* End PBXFileReference section */

/* Begin PBXFrameworksBuildPhase section */
		D83C685A2014ADE300960F22 /* Frameworks */ = {
			isa = PBXFrameworksBuildPhase;
			buildActionMask = 2147483647;
			files = (
				61DF438A6AF316CD67CC7ABB /* Pods_SwipeNavigationView.framework in Frameworks */,
			);
			runOnlyForDeploymentPostprocessing = 0;
		};
/* End PBXFrameworksBuildPhase section */

/* Begin PBXGroup section */
		6AD62A9FBF098BA231C9E9FD /* Frameworks */ = {
			isa = PBXGroup;
			children = (
				31F3E3FA70294017ECBB3A27 /* Pods_SwipeNavigationView.framework */,
			);
			name = Frameworks;
			sourceTree = "<group>";
		};
		D83C28442021267D009C84C6 /* HeaderView */ = {
			isa = PBXGroup;
			children = (
				D83C68742014AE1400960F22 /* CrossConHeaderView.swift */,
				D83C68762014AE1400960F22 /* CrossConHeaderSectionCell.swift */,
				D83C68772014AE1400960F22 /* SectionScrollView.swift */,
				D83C68732014AE1400960F22 /* HeaderLabel.swift */,
			);
			path = HeaderView;
			sourceTree = "<group>";
		};
		D83C2845202130AF009C84C6 /* ControllersView */ = {
			isa = PBXGroup;
			children = (
				D82BCB99201E82A200EFFDBB /* CrossConControllersView.swift */,
				D83C284220212514009C84C6 /* CrossConControllersSectionCell.swift */,
				D83C28462021320C009C84C6 /* ControllerScrollView.swift */,
				C20E75A82014EEFE0006B861 /* PageController.swift */,
			);
			path = ControllersView;
			sourceTree = "<group>";
		};
		D83C68542014ADE300960F22 = {
			isa = PBXGroup;
			children = (
				D83C685F2014ADE300960F22 /* SwipeNavigationView */,
				D83C685E2014ADE300960F22 /* Products */,
				D921982DD0F8B8E3F8D04897 /* Pods */,
				6AD62A9FBF098BA231C9E9FD /* Frameworks */,
			);
			sourceTree = "<group>";
		};
		D83C685E2014ADE300960F22 /* Products */ = {
			isa = PBXGroup;
			children = (
				D83C685D2014ADE300960F22 /* SwipeNavigationView.app */,
			);
			name = Products;
			sourceTree = "<group>";
		};
		D83C685F2014ADE300960F22 /* SwipeNavigationView */ = {
			isa = PBXGroup;
			children = (
				D83C68602014ADE300960F22 /* AppDelegate.swift */,
				D83C687D2014AE1E00960F22 /* CrossConContianerViewController.swift */,
				D83C68722014AE1400960F22 /* CrossController */,
				D83C68642014ADE300960F22 /* Main.storyboard */,
				D83C68672014ADE300960F22 /* Assets.xcassets */,
				D83C68692014ADE300960F22 /* LaunchScreen.storyboard */,
				D83C686C2014ADE300960F22 /* Info.plist */,
			);
			path = SwipeNavigationView;
			sourceTree = "<group>";
		};
		D83C68722014AE1400960F22 /* CrossController */ = {
			isa = PBXGroup;
			children = (
				D83C687F2014BB2500960F22 /* CrossConDelegates.swift */,
				D82BCB97201E7F8200EFFDBB /* CrossConTransitioner.swift */,
				D83C28442021267D009C84C6 /* HeaderView */,
				D83C2845202130AF009C84C6 /* ControllersView */,
			);
			path = CrossController;
			sourceTree = "<group>";
		};
		D921982DD0F8B8E3F8D04897 /* Pods */ = {
			isa = PBXGroup;
			children = (
				FF143FDE5D0C064FAE5C2E03 /* Pods-SwipeNavigationView.debug.xcconfig */,
				24210664D3AAD8324CE3F598 /* Pods-SwipeNavigationView.release.xcconfig */,
			);
			name = Pods;
			sourceTree = "<group>";
		};
/* End PBXGroup section */

/* Begin PBXNativeTarget section */
		D83C685C2014ADE300960F22 /* SwipeNavigationView */ = {
			isa = PBXNativeTarget;
			buildConfigurationList = D83C686F2014ADE300960F22 /* Build configuration list for PBXNativeTarget "SwipeNavigationView" */;
			buildPhases = (
				091D184153DA4D0F2E1EBC0D /* [CP] Check Pods Manifest.lock */,
				D83C68592014ADE300960F22 /* Sources */,
				D83C685A2014ADE300960F22 /* Frameworks */,
				D83C685B2014ADE300960F22 /* Resources */,
				E2E74965942EF9024893A014 /* [CP] Embed Pods Frameworks */,
				3AD14BB0CB5D73FA3241B8A7 /* [CP] Copy Pods Resources */,
			);
			buildRules = (
			);
			dependencies = (
			);
			name = SwipeNavigationView;
			productName = SwipeNavigationView;
			productReference = D83C685D2014ADE300960F22 /* SwipeNavigationView.app */;
			productType = "com.apple.product-type.application";
		};
/* End PBXNativeTarget section */

/* Begin PBXProject section */
		D83C68552014ADE300960F22 /* Project object */ = {
			isa = PBXProject;
			attributes = {
				LastSwiftUpdateCheck = 0920;
				LastUpgradeCheck = 0920;
				ORGANIZATIONNAME = "Youssef Victor";
				TargetAttributes = {
					D83C685C2014ADE300960F22 = {
						CreatedOnToolsVersion = 9.2;
						ProvisioningStyle = Automatic;
					};
				};
			};
			buildConfigurationList = D83C68582014ADE300960F22 /* Build configuration list for PBXProject "SwipeNavigationView" */;
			compatibilityVersion = "Xcode 8.0";
			developmentRegion = en;
			hasScannedForEncodings = 0;
			knownRegions = (
				en,
				Base,
			);
			mainGroup = D83C68542014ADE300960F22;
			productRefGroup = D83C685E2014ADE300960F22 /* Products */;
			projectDirPath = "";
			projectRoot = "";
			targets = (
				D83C685C2014ADE300960F22 /* SwipeNavigationView */,
			);
		};
/* End PBXProject section */

/* Begin PBXResourcesBuildPhase section */
		D83C685B2014ADE300960F22 /* Resources */ = {
			isa = PBXResourcesBuildPhase;
			buildActionMask = 2147483647;
			files = (
				D83C686B2014ADE300960F22 /* LaunchScreen.storyboard in Resources */,
				D83C68682014ADE300960F22 /* Assets.xcassets in Resources */,
				D83C68662014ADE300960F22 /* Main.storyboard in Resources */,
			);
			runOnlyForDeploymentPostprocessing = 0;
		};
/* End PBXResourcesBuildPhase section */

/* Begin PBXShellScriptBuildPhase section */
		091D184153DA4D0F2E1EBC0D /* [CP] Check Pods Manifest.lock */ = {
			isa = PBXShellScriptBuildPhase;
			buildActionMask = 2147483647;
			files = (
			);
			inputPaths = (
				"${PODS_PODFILE_DIR_PATH}/Podfile.lock",
				"${PODS_ROOT}/Manifest.lock",
			);
			name = "[CP] Check Pods Manifest.lock";
			outputPaths = (
				"$(DERIVED_FILE_DIR)/Pods-SwipeNavigationView-checkManifestLockResult.txt",
			);
			runOnlyForDeploymentPostprocessing = 0;
			shellPath = /bin/sh;
			shellScript = "diff \"${PODS_PODFILE_DIR_PATH}/Podfile.lock\" \"${PODS_ROOT}/Manifest.lock\" > /dev/null\nif [ $? != 0 ] ; then\n    # print error to STDERR\n    echo \"error: The sandbox is not in sync with the Podfile.lock. Run 'pod install' or update your CocoaPods installation.\" >&2\n    exit 1\nfi\n# This output is used by Xcode 'outputs' to avoid re-running this script phase.\necho \"SUCCESS\" > \"${SCRIPT_OUTPUT_FILE_0}\"\n";
			showEnvVarsInLog = 0;
		};
		3AD14BB0CB5D73FA3241B8A7 /* [CP] Copy Pods Resources */ = {
			isa = PBXShellScriptBuildPhase;
			buildActionMask = 2147483647;
			files = (
			);
			inputPaths = (
			);
			name = "[CP] Copy Pods Resources";
			outputPaths = (
			);
			runOnlyForDeploymentPostprocessing = 0;
			shellPath = /bin/sh;
			shellScript = "\"${SRCROOT}/Pods/Target Support Files/Pods-SwipeNavigationView/Pods-SwipeNavigationView-resources.sh\"\n";
			showEnvVarsInLog = 0;
		};
		E2E74965942EF9024893A014 /* [CP] Embed Pods Frameworks */ = {
			isa = PBXShellScriptBuildPhase;
			buildActionMask = 2147483647;
			files = (
			);
			inputPaths = (
				"${SRCROOT}/Pods/Target Support Files/Pods-SwipeNavigationView/Pods-SwipeNavigationView-frameworks.sh",
				"${BUILT_PRODUCTS_DIR}/InteractiveTransitioningContainer/InteractiveTransitioningContainer.framework",
			);
			name = "[CP] Embed Pods Frameworks";
			outputPaths = (
				"${TARGET_BUILD_DIR}/${FRAMEWORKS_FOLDER_PATH}/InteractiveTransitioningContainer.framework",
			);
			runOnlyForDeploymentPostprocessing = 0;
			shellPath = /bin/sh;
			shellScript = "\"${SRCROOT}/Pods/Target Support Files/Pods-SwipeNavigationView/Pods-SwipeNavigationView-frameworks.sh\"\n";
			showEnvVarsInLog = 0;
		};
/* End PBXShellScriptBuildPhase section */

/* Begin PBXSourcesBuildPhase section */
		D83C68592014ADE300960F22 /* Sources */ = {
			isa = PBXSourcesBuildPhase;
			buildActionMask = 2147483647;
			files = (
				C20E75A92014EEFE0006B861 /* PageController.swift in Sources */,
				D83C68782014AE1400960F22 /* HeaderLabel.swift in Sources */,
				D82BCB98201E7F8200EFFDBB /* CrossConTransitioner.swift in Sources */,
				D83C687C2014AE1400960F22 /* SectionScrollView.swift in Sources */,
				D82BCB9A201E82A200EFFDBB /* CrossConControllersView.swift in Sources */,
				D83C28472021320C009C84C6 /* ControllerScrollView.swift in Sources */,
				D83C687B2014AE1400960F22 /* CrossConHeaderSectionCell.swift in Sources */,
				D83C284320212514009C84C6 /* CrossConControllersSectionCell.swift in Sources */,
				D83C687E2014AE1F00960F22 /* CrossConContianerViewController.swift in Sources */,
				D83C68612014ADE300960F22 /* AppDelegate.swift in Sources */,
				D83C68802014BB2500960F22 /* CrossConDelegates.swift in Sources */,
				D83C68792014AE1400960F22 /* CrossConHeaderView.swift in Sources */,
			);
			runOnlyForDeploymentPostprocessing = 0;
		};
/* End PBXSourcesBuildPhase section */

/* Begin PBXVariantGroup section */
		D83C68642014ADE300960F22 /* Main.storyboard */ = {
			isa = PBXVariantGroup;
			children = (
				D83C68652014ADE300960F22 /* Base */,
			);
			name = Main.storyboard;
			sourceTree = "<group>";
		};
		D83C68692014ADE300960F22 /* LaunchScreen.storyboard */ = {
			isa = PBXVariantGroup;
			children = (
				D83C686A2014ADE300960F22 /* Base */,
			);
			name = LaunchScreen.storyboard;
			sourceTree = "<group>";
		};
/* End PBXVariantGroup section */

/* Begin XCBuildConfiguration section */
		D83C686D2014ADE300960F22 /* Debug */ = {
			isa = XCBuildConfiguration;
			buildSettings = {
				ALWAYS_SEARCH_USER_PATHS = NO;
				CLANG_ANALYZER_NONNULL = YES;
				CLANG_ANALYZER_NUMBER_OBJECT_CONVERSION = YES_AGGRESSIVE;
				CLANG_CXX_LANGUAGE_STANDARD = "gnu++14";
				CLANG_CXX_LIBRARY = "libc++";
				CLANG_ENABLE_MODULES = YES;
				CLANG_ENABLE_OBJC_ARC = YES;
				CLANG_WARN_BLOCK_CAPTURE_AUTORELEASING = YES;
				CLANG_WARN_BOOL_CONVERSION = YES;
				CLANG_WARN_COMMA = YES;
				CLANG_WARN_CONSTANT_CONVERSION = YES;
				CLANG_WARN_DIRECT_OBJC_ISA_USAGE = YES_ERROR;
				CLANG_WARN_DOCUMENTATION_COMMENTS = YES;
				CLANG_WARN_EMPTY_BODY = YES;
				CLANG_WARN_ENUM_CONVERSION = YES;
				CLANG_WARN_INFINITE_RECURSION = YES;
				CLANG_WARN_INT_CONVERSION = YES;
				CLANG_WARN_NON_LITERAL_NULL_CONVERSION = YES;
				CLANG_WARN_OBJC_LITERAL_CONVERSION = YES;
				CLANG_WARN_OBJC_ROOT_CLASS = YES_ERROR;
				CLANG_WARN_RANGE_LOOP_ANALYSIS = YES;
				CLANG_WARN_STRICT_PROTOTYPES = YES;
				CLANG_WARN_SUSPICIOUS_MOVE = YES;
				CLANG_WARN_UNGUARDED_AVAILABILITY = YES_AGGRESSIVE;
				CLANG_WARN_UNREACHABLE_CODE = YES;
				CLANG_WARN__DUPLICATE_METHOD_MATCH = YES;
				CODE_SIGN_IDENTITY = "iPhone Developer";
				COPY_PHASE_STRIP = NO;
				DEBUG_INFORMATION_FORMAT = dwarf;
				ENABLE_STRICT_OBJC_MSGSEND = YES;
				ENABLE_TESTABILITY = YES;
				GCC_C_LANGUAGE_STANDARD = gnu11;
				GCC_DYNAMIC_NO_PIC = NO;
				GCC_NO_COMMON_BLOCKS = YES;
				GCC_OPTIMIZATION_LEVEL = 0;
				GCC_PREPROCESSOR_DEFINITIONS = (
					"DEBUG=1",
					"$(inherited)",
				);
				GCC_WARN_64_TO_32_BIT_CONVERSION = YES;
				GCC_WARN_ABOUT_RETURN_TYPE = YES_ERROR;
				GCC_WARN_UNDECLARED_SELECTOR = YES;
				GCC_WARN_UNINITIALIZED_AUTOS = YES_AGGRESSIVE;
				GCC_WARN_UNUSED_FUNCTION = YES;
				GCC_WARN_UNUSED_VARIABLE = YES;
				IPHONEOS_DEPLOYMENT_TARGET = 11.2;
				MTL_ENABLE_DEBUG_INFO = YES;
				ONLY_ACTIVE_ARCH = YES;
				SDKROOT = iphoneos;
				SWIFT_ACTIVE_COMPILATION_CONDITIONS = DEBUG;
				SWIFT_OPTIMIZATION_LEVEL = "-Onone";
			};
			name = Debug;
		};
		D83C686E2014ADE300960F22 /* Release */ = {
			isa = XCBuildConfiguration;
			buildSettings = {
				ALWAYS_SEARCH_USER_PATHS = NO;
				CLANG_ANALYZER_NONNULL = YES;
				CLANG_ANALYZER_NUMBER_OBJECT_CONVERSION = YES_AGGRESSIVE;
				CLANG_CXX_LANGUAGE_STANDARD = "gnu++14";
				CLANG_CXX_LIBRARY = "libc++";
				CLANG_ENABLE_MODULES = YES;
				CLANG_ENABLE_OBJC_ARC = YES;
				CLANG_WARN_BLOCK_CAPTURE_AUTORELEASING = YES;
				CLANG_WARN_BOOL_CONVERSION = YES;
				CLANG_WARN_COMMA = YES;
				CLANG_WARN_CONSTANT_CONVERSION = YES;
				CLANG_WARN_DIRECT_OBJC_ISA_USAGE = YES_ERROR;
				CLANG_WARN_DOCUMENTATION_COMMENTS = YES;
				CLANG_WARN_EMPTY_BODY = YES;
				CLANG_WARN_ENUM_CONVERSION = YES;
				CLANG_WARN_INFINITE_RECURSION = YES;
				CLANG_WARN_INT_CONVERSION = YES;
				CLANG_WARN_NON_LITERAL_NULL_CONVERSION = YES;
				CLANG_WARN_OBJC_LITERAL_CONVERSION = YES;
				CLANG_WARN_OBJC_ROOT_CLASS = YES_ERROR;
				CLANG_WARN_RANGE_LOOP_ANALYSIS = YES;
				CLANG_WARN_STRICT_PROTOTYPES = YES;
				CLANG_WARN_SUSPICIOUS_MOVE = YES;
				CLANG_WARN_UNGUARDED_AVAILABILITY = YES_AGGRESSIVE;
				CLANG_WARN_UNREACHABLE_CODE = YES;
				CLANG_WARN__DUPLICATE_METHOD_MATCH = YES;
				CODE_SIGN_IDENTITY = "iPhone Developer";
				COPY_PHASE_STRIP = NO;
				DEBUG_INFORMATION_FORMAT = "dwarf-with-dsym";
				ENABLE_NS_ASSERTIONS = NO;
				ENABLE_STRICT_OBJC_MSGSEND = YES;
				GCC_C_LANGUAGE_STANDARD = gnu11;
				GCC_NO_COMMON_BLOCKS = YES;
				GCC_WARN_64_TO_32_BIT_CONVERSION = YES;
				GCC_WARN_ABOUT_RETURN_TYPE = YES_ERROR;
				GCC_WARN_UNDECLARED_SELECTOR = YES;
				GCC_WARN_UNINITIALIZED_AUTOS = YES_AGGRESSIVE;
				GCC_WARN_UNUSED_FUNCTION = YES;
				GCC_WARN_UNUSED_VARIABLE = YES;
				IPHONEOS_DEPLOYMENT_TARGET = 11.2;
				MTL_ENABLE_DEBUG_INFO = NO;
				SDKROOT = iphoneos;
				SWIFT_OPTIMIZATION_LEVEL = "-Owholemodule";
				VALIDATE_PRODUCT = YES;
			};
			name = Release;
		};
		D83C68702014ADE300960F22 /* Debug */ = {
			isa = XCBuildConfiguration;
			baseConfigurationReference = FF143FDE5D0C064FAE5C2E03 /* Pods-SwipeNavigationView.debug.xcconfig */;
			buildSettings = {
				ASSETCATALOG_COMPILER_APPICON_NAME = AppIcon;
				CODE_SIGN_STYLE = Automatic;
				DEVELOPMENT_TEAM = F866ZHAR49;
				INFOPLIST_FILE = SwipeNavigationView/Info.plist;
				IPHONEOS_DEPLOYMENT_TARGET = 10.0;
				LD_RUNPATH_SEARCH_PATHS = "$(inherited) @executable_path/Frameworks";
				PRODUCT_BUNDLE_IDENTIFIER = self.edu.SwipeNavigationView;
				PRODUCT_NAME = "$(TARGET_NAME)";
				SWIFT_VERSION = 4.0;
				TARGETED_DEVICE_FAMILY = "1,2";
			};
			name = Debug;
		};
		D83C68712014ADE300960F22 /* Release */ = {
			isa = XCBuildConfiguration;
			baseConfigurationReference = 24210664D3AAD8324CE3F598 /* Pods-SwipeNavigationView.release.xcconfig */;
			buildSettings = {
				ASSETCATALOG_COMPILER_APPICON_NAME = AppIcon;
				CODE_SIGN_STYLE = Automatic;
				DEVELOPMENT_TEAM = F866ZHAR49;
				INFOPLIST_FILE = SwipeNavigationView/Info.plist;
				IPHONEOS_DEPLOYMENT_TARGET = 10.0;
				LD_RUNPATH_SEARCH_PATHS = "$(inherited) @executable_path/Frameworks";
				PRODUCT_BUNDLE_IDENTIFIER = self.edu.SwipeNavigationView;
				PRODUCT_NAME = "$(TARGET_NAME)";
				SWIFT_VERSION = 4.0;
				TARGETED_DEVICE_FAMILY = "1,2";
			};
			name = Release;
		};
/* End XCBuildConfiguration section */

/* Begin XCConfigurationList section */
		D83C68582014ADE300960F22 /* Build configuration list for PBXProject "SwipeNavigationView" */ = {
			isa = XCConfigurationList;
			buildConfigurations = (
				D83C686D2014ADE300960F22 /* Debug */,
				D83C686E2014ADE300960F22 /* Release */,
			);
			defaultConfigurationIsVisible = 0;
			defaultConfigurationName = Release;
		};
		D83C686F2014ADE300960F22 /* Build configuration list for PBXNativeTarget "SwipeNavigationView" */ = {
			isa = XCConfigurationList;
			buildConfigurations = (
				D83C68702014ADE300960F22 /* Debug */,
				D83C68712014ADE300960F22 /* Release */,
			);
			defaultConfigurationIsVisible = 0;
			defaultConfigurationName = Release;
		};
/* End XCConfigurationList section */
	};
	rootObject = D83C68552014ADE300960F22 /* Project object */;
}
